// !$*UTF8*$!
{
	archiveVersion = 1;
	classes = {
	};
	objectVersion = 50;
	objects = {

/* Begin PBXBuildFile section */
		F1A482FB24BEFD2F0039EC5F /* AppDelegate.swift in Sources */ = {isa = PBXBuildFile; fileRef = F1A482FA24BEFD2F0039EC5F /* AppDelegate.swift */; };
		F1A482FD24BEFD2F0039EC5F /* SceneDelegate.swift in Sources */ = {isa = PBXBuildFile; fileRef = F1A482FC24BEFD2F0039EC5F /* SceneDelegate.swift */; };
		F1A482FF24BEFD2F0039EC5F /* ViewController.swift in Sources */ = {isa = PBXBuildFile; fileRef = F1A482FE24BEFD2F0039EC5F /* ViewController.swift */; };
		F1A4830224BEFD2F0039EC5F /* Main.storyboard in Resources */ = {isa = PBXBuildFile; fileRef = F1A4830024BEFD2F0039EC5F /* Main.storyboard */; };
		F1A4830424BEFD350039EC5F /* Assets.xcassets in Resources */ = {isa = PBXBuildFile; fileRef = F1A4830324BEFD350039EC5F /* Assets.xcassets */; };
		F1A4830724BEFD350039EC5F /* LaunchScreen.storyboard in Resources */ = {isa = PBXBuildFile; fileRef = F1A4830524BEFD350039EC5F /* LaunchScreen.storyboard */; };
		F1A4831324BF2F3A0039EC5F /* GameData.swift in Sources */ = {isa = PBXBuildFile; fileRef = F1A4831224BF2F3A0039EC5F /* GameData.swift */; };
		F1A4831524BF2F440039EC5F /* GameManager.swift in Sources */ = {isa = PBXBuildFile; fileRef = F1A4831424BF2F440039EC5F /* GameManager.swift */; };
		F1A4831B24BF304A0039EC5F /* Poppins-Bold.ttf in Resources */ = {isa = PBXBuildFile; fileRef = F1A4831724BF304A0039EC5F /* Poppins-Bold.ttf */; };
		F1A4831C24BF304A0039EC5F /* Poppins-Medium.ttf in Resources */ = {isa = PBXBuildFile; fileRef = F1A4831824BF304A0039EC5F /* Poppins-Medium.ttf */; };
		F1A4831D24BF304A0039EC5F /* Poppins-Regular.ttf in Resources */ = {isa = PBXBuildFile; fileRef = F1A4831924BF304A0039EC5F /* Poppins-Regular.ttf */; };
		F1A4831E24BF304A0039EC5F /* Poppins-ExtraBold.ttf in Resources */ = {isa = PBXBuildFile; fileRef = F1A4831A24BF304A0039EC5F /* Poppins-ExtraBold.ttf */; };
		F1A4832024C0B20F0039EC5F /* AboutViewController.swift in Sources */ = {isa = PBXBuildFile; fileRef = F1A4831F24C0B20F0039EC5F /* AboutViewController.swift */; };
		F1A4832224C0B2220039EC5F /* DetailViewController.swift in Sources */ = {isa = PBXBuildFile; fileRef = F1A4832124C0B2220039EC5F /* DetailViewController.swift */; };
		F1A4832924C1E7D70039EC5F /* PopularTableViewCell.swift in Sources */ = {isa = PBXBuildFile; fileRef = F1A4832724C1E7D70039EC5F /* PopularTableViewCell.swift */; };
		F1A4832A24C1E7D70039EC5F /* PopularTableViewCell.xib in Resources */ = {isa = PBXBuildFile; fileRef = F1A4832824C1E7D70039EC5F /* PopularTableViewCell.xib */; };
		F1A4832C24C207060039EC5F /* GameModel.swift in Sources */ = {isa = PBXBuildFile; fileRef = F1A4832B24C207060039EC5F /* GameModel.swift */; };
		F1A4832F24C222CF0039EC5F /* GamesTableViewCell.swift in Sources */ = {isa = PBXBuildFile; fileRef = F1A4832D24C222CF0039EC5F /* GamesTableViewCell.swift */; };
		F1A4833024C222CF0039EC5F /* GamesTableViewCell.xib in Resources */ = {isa = PBXBuildFile; fileRef = F1A4832E24C222CF0039EC5F /* GamesTableViewCell.xib */; };
/* End PBXBuildFile section */

/* Begin PBXFileReference section */
		F1A482F724BEFD2F0039EC5F /* Game Sub.app */ = {isa = PBXFileReference; explicitFileType = wrapper.application; includeInIndex = 0; path = "Game Sub.app"; sourceTree = BUILT_PRODUCTS_DIR; };
		F1A482FA24BEFD2F0039EC5F /* AppDelegate.swift */ = {isa = PBXFileReference; lastKnownFileType = sourcecode.swift; path = AppDelegate.swift; sourceTree = "<group>"; };
		F1A482FC24BEFD2F0039EC5F /* SceneDelegate.swift */ = {isa = PBXFileReference; lastKnownFileType = sourcecode.swift; path = SceneDelegate.swift; sourceTree = "<group>"; };
		F1A482FE24BEFD2F0039EC5F /* ViewController.swift */ = {isa = PBXFileReference; lastKnownFileType = sourcecode.swift; path = ViewController.swift; sourceTree = "<group>"; };
		F1A4830124BEFD2F0039EC5F /* Base */ = {isa = PBXFileReference; lastKnownFileType = file.storyboard; name = Base; path = Base.lproj/Main.storyboard; sourceTree = "<group>"; };
		F1A4830324BEFD350039EC5F /* Assets.xcassets */ = {isa = PBXFileReference; lastKnownFileType = folder.assetcatalog; path = Assets.xcassets; sourceTree = "<group>"; };
		F1A4830624BEFD350039EC5F /* Base */ = {isa = PBXFileReference; lastKnownFileType = file.storyboard; name = Base; path = Base.lproj/LaunchScreen.storyboard; sourceTree = "<group>"; };
		F1A4830824BEFD350039EC5F /* Info.plist */ = {isa = PBXFileReference; lastKnownFileType = text.plist.xml; path = Info.plist; sourceTree = "<group>"; };
		F1A4831224BF2F3A0039EC5F /* GameData.swift */ = {isa = PBXFileReference; lastKnownFileType = sourcecode.swift; path = GameData.swift; sourceTree = "<group>"; };
		F1A4831424BF2F440039EC5F /* GameManager.swift */ = {isa = PBXFileReference; lastKnownFileType = sourcecode.swift; path = GameManager.swift; sourceTree = "<group>"; };
		F1A4831724BF304A0039EC5F /* Poppins-Bold.ttf */ = {isa = PBXFileReference; lastKnownFileType = file; path = "Poppins-Bold.ttf"; sourceTree = "<group>"; };
		F1A4831824BF304A0039EC5F /* Poppins-Medium.ttf */ = {isa = PBXFileReference; lastKnownFileType = file; path = "Poppins-Medium.ttf"; sourceTree = "<group>"; };
		F1A4831924BF304A0039EC5F /* Poppins-Regular.ttf */ = {isa = PBXFileReference; lastKnownFileType = file; path = "Poppins-Regular.ttf"; sourceTree = "<group>"; };
		F1A4831A24BF304A0039EC5F /* Poppins-ExtraBold.ttf */ = {isa = PBXFileReference; lastKnownFileType = file; path = "Poppins-ExtraBold.ttf"; sourceTree = "<group>"; };
		F1A4831F24C0B20F0039EC5F /* AboutViewController.swift */ = {isa = PBXFileReference; lastKnownFileType = sourcecode.swift; path = AboutViewController.swift; sourceTree = "<group>"; };
		F1A4832124C0B2220039EC5F /* DetailViewController.swift */ = {isa = PBXFileReference; lastKnownFileType = sourcecode.swift; path = DetailViewController.swift; sourceTree = "<group>"; };
		F1A4832724C1E7D70039EC5F /* PopularTableViewCell.swift */ = {isa = PBXFileReference; lastKnownFileType = sourcecode.swift; path = PopularTableViewCell.swift; sourceTree = "<group>"; };
		F1A4832824C1E7D70039EC5F /* PopularTableViewCell.xib */ = {isa = PBXFileReference; lastKnownFileType = file.xib; path = PopularTableViewCell.xib; sourceTree = "<group>"; };
		F1A4832B24C207060039EC5F /* GameModel.swift */ = {isa = PBXFileReference; lastKnownFileType = sourcecode.swift; path = GameModel.swift; sourceTree = "<group>"; };
		F1A4832D24C222CF0039EC5F /* GamesTableViewCell.swift */ = {isa = PBXFileReference; lastKnownFileType = sourcecode.swift; path = GamesTableViewCell.swift; sourceTree = "<group>"; };
		F1A4832E24C222CF0039EC5F /* GamesTableViewCell.xib */ = {isa = PBXFileReference; lastKnownFileType = file.xib; path = GamesTableViewCell.xib; sourceTree = "<group>"; };
/* End PBXFileReference section */

/* Begin PBXFrameworksBuildPhase section */
		F1A482F424BEFD2F0039EC5F /* Frameworks */ = {
			isa = PBXFrameworksBuildPhase;
			buildActionMask = 2147483647;
			files = (
			);
			runOnlyForDeploymentPostprocessing = 0;
		};
/* End PBXFrameworksBuildPhase section */

/* Begin PBXGroup section */
		F1A482EE24BEFD2F0039EC5F = {
			isa = PBXGroup;
			children = (
				F1A482F924BEFD2F0039EC5F /* Game Sub */,
				F1A482F824BEFD2F0039EC5F /* Products */,
			);
			sourceTree = "<group>";
		};
		F1A482F824BEFD2F0039EC5F /* Products */ = {
			isa = PBXGroup;
			children = (
				F1A482F724BEFD2F0039EC5F /* Game Sub.app */,
			);
			name = Products;
			sourceTree = "<group>";
		};
		F1A482F924BEFD2F0039EC5F /* Game Sub */ = {
			isa = PBXGroup;
			children = (
				F1A4831624BF2FA30039EC5F /* Font */,
				F1A4831124BF2F2B0039EC5F /* Model */,
				F1A4831024BF2F240039EC5F /* Base */,
				F1A4830E24BF2F060039EC5F /* Controller */,
				F1A4830F24BF2F190039EC5F /* View */,
				F1A4830324BEFD350039EC5F /* Assets.xcassets */,
				F1A4830524BEFD350039EC5F /* LaunchScreen.storyboard */,
				F1A4830824BEFD350039EC5F /* Info.plist */,
			);
			path = "Game Sub";
			sourceTree = "<group>";
		};
		F1A4830E24BF2F060039EC5F /* Controller */ = {
			isa = PBXGroup;
			children = (
				F1A482FE24BEFD2F0039EC5F /* ViewController.swift */,
				F1A4831F24C0B20F0039EC5F /* AboutViewController.swift */,
				F1A4832124C0B2220039EC5F /* DetailViewController.swift */,
				F1A4832724C1E7D70039EC5F /* PopularTableViewCell.swift */,
				F1A4832D24C222CF0039EC5F /* GamesTableViewCell.swift */,
			);
			path = Controller;
			sourceTree = "<group>";
		};
		F1A4830F24BF2F190039EC5F /* View */ = {
			isa = PBXGroup;
			children = (
				F1A4830024BEFD2F0039EC5F /* Main.storyboard */,
				F1A4832E24C222CF0039EC5F /* GamesTableViewCell.xib */,
				F1A4832824C1E7D70039EC5F /* PopularTableViewCell.xib */,
			);
			path = View;
			sourceTree = "<group>";
		};
		F1A4831024BF2F240039EC5F /* Base */ = {
			isa = PBXGroup;
			children = (
				F1A482FA24BEFD2F0039EC5F /* AppDelegate.swift */,
				F1A482FC24BEFD2F0039EC5F /* SceneDelegate.swift */,
			);
			path = Base;
			sourceTree = "<group>";
		};
		F1A4831124BF2F2B0039EC5F /* Model */ = {
			isa = PBXGroup;
			children = (
				F1A4831224BF2F3A0039EC5F /* GameData.swift */,
				F1A4831424BF2F440039EC5F /* GameManager.swift */,
				F1A4832B24C207060039EC5F /* GameModel.swift */,
			);
			path = Model;
			sourceTree = "<group>";
		};
		F1A4831624BF2FA30039EC5F /* Font */ = {
			isa = PBXGroup;
			children = (
				F1A4831724BF304A0039EC5F /* Poppins-Bold.ttf */,
				F1A4831A24BF304A0039EC5F /* Poppins-ExtraBold.ttf */,
				F1A4831824BF304A0039EC5F /* Poppins-Medium.ttf */,
				F1A4831924BF304A0039EC5F /* Poppins-Regular.ttf */,
			);
			path = Font;
			sourceTree = "<group>";
		};
/* End PBXGroup section */

/* Begin PBXNativeTarget section */
		F1A482F624BEFD2F0039EC5F /* Game Sub */ = {
			isa = PBXNativeTarget;
			buildConfigurationList = F1A4830B24BEFD350039EC5F /* Build configuration list for PBXNativeTarget "Game Sub" */;
			buildPhases = (
				F1A482F324BEFD2F0039EC5F /* Sources */,
				F1A482F424BEFD2F0039EC5F /* Frameworks */,
				F1A482F524BEFD2F0039EC5F /* Resources */,
			);
			buildRules = (
			);
			dependencies = (
			);
			name = "Game Sub";
			productName = "Game Sub";
			productReference = F1A482F724BEFD2F0039EC5F /* Game Sub.app */;
			productType = "com.apple.product-type.application";
		};
/* End PBXNativeTarget section */

/* Begin PBXProject section */
		F1A482EF24BEFD2F0039EC5F /* Project object */ = {
			isa = PBXProject;
			attributes = {
				LastSwiftUpdateCheck = 1150;
				LastUpgradeCheck = 1150;
				ORGANIZATIONNAME = gusadi;
				TargetAttributes = {
					F1A482F624BEFD2F0039EC5F = {
						CreatedOnToolsVersion = 11.5;
					};
				};
			};
			buildConfigurationList = F1A482F224BEFD2F0039EC5F /* Build configuration list for PBXProject "Game Sub" */;
			compatibilityVersion = "Xcode 9.3";
			developmentRegion = en;
			hasScannedForEncodings = 0;
			knownRegions = (
				en,
				Base,
			);
			mainGroup = F1A482EE24BEFD2F0039EC5F;
			productRefGroup = F1A482F824BEFD2F0039EC5F /* Products */;
			projectDirPath = "";
			projectRoot = "";
			targets = (
				F1A482F624BEFD2F0039EC5F /* Game Sub */,
			);
		};
/* End PBXProject section */

/* Begin PBXResourcesBuildPhase section */
		F1A482F524BEFD2F0039EC5F /* Resources */ = {
			isa = PBXResourcesBuildPhase;
			buildActionMask = 2147483647;
			files = (
				F1A4830724BEFD350039EC5F /* LaunchScreen.storyboard in Resources */,
				F1A4833024C222CF0039EC5F /* GamesTableViewCell.xib in Resources */,
				F1A4830424BEFD350039EC5F /* Assets.xcassets in Resources */,
				F1A4830224BEFD2F0039EC5F /* Main.storyboard in Resources */,
				F1A4831E24BF304A0039EC5F /* Poppins-ExtraBold.ttf in Resources */,
				F1A4831D24BF304A0039EC5F /* Poppins-Regular.ttf in Resources */,
				F1A4831B24BF304A0039EC5F /* Poppins-Bold.ttf in Resources */,
				F1A4831C24BF304A0039EC5F /* Poppins-Medium.ttf in Resources */,
				F1A4832A24C1E7D70039EC5F /* PopularTableViewCell.xib in Resources */,
			);
			runOnlyForDeploymentPostprocessing = 0;
		};
/* End PBXResourcesBuildPhase section */

/* Begin PBXSourcesBuildPhase section */
		F1A482F324BEFD2F0039EC5F /* Sources */ = {
			isa = PBXSourcesBuildPhase;
			buildActionMask = 2147483647;
			files = (
				F1A4832024C0B20F0039EC5F /* AboutViewController.swift in Sources */,
				F1A4832924C1E7D70039EC5F /* PopularTableViewCell.swift in Sources */,
				F1A482FF24BEFD2F0039EC5F /* ViewController.swift in Sources */,
				F1A4831324BF2F3A0039EC5F /* GameData.swift in Sources */,
				F1A482FB24BEFD2F0039EC5F /* AppDelegate.swift in Sources */,
				F1A4832F24C222CF0039EC5F /* GamesTableViewCell.swift in Sources */,
				F1A4832C24C207060039EC5F /* GameModel.swift in Sources */,
				F1A482FD24BEFD2F0039EC5F /* SceneDelegate.swift in Sources */,
				F1A4831524BF2F440039EC5F /* GameManager.swift in Sources */,
				F1A4832224C0B2220039EC5F /* DetailViewController.swift in Sources */,
			);
			runOnlyForDeploymentPostprocessing = 0;
		};
/* End PBXSourcesBuildPhase section */

/* Begin PBXVariantGroup section */
		F1A4830024BEFD2F0039EC5F /* Main.storyboard */ = {
			isa = PBXVariantGroup;
			children = (
				F1A4830124BEFD2F0039EC5F /* Base */,
			);
			name = Main.storyboard;
			sourceTree = "<group>";
		};
		F1A4830524BEFD350039EC5F /* LaunchScreen.storyboard */ = {
			isa = PBXVariantGroup;
			children = (
				F1A4830624BEFD350039EC5F /* Base */,
			);
			name = LaunchScreen.storyboard;
			sourceTree = "<group>";
		};
/* End PBXVariantGroup section */

/* Begin XCBuildConfiguration section */
		F1A4830924BEFD350039EC5F /* Debug */ = {
			isa = XCBuildConfiguration;
			buildSettings = {
				ALWAYS_SEARCH_USER_PATHS = NO;
				CLANG_ANALYZER_NONNULL = YES;
				CLANG_ANALYZER_NUMBER_OBJECT_CONVERSION = YES_AGGRESSIVE;
				CLANG_CXX_LANGUAGE_STANDARD = "gnu++14";
				CLANG_CXX_LIBRARY = "libc++";
				CLANG_ENABLE_MODULES = YES;
				CLANG_ENABLE_OBJC_ARC = YES;
				CLANG_ENABLE_OBJC_WEAK = YES;
				CLANG_WARN_BLOCK_CAPTURE_AUTORELEASING = YES;
				CLANG_WARN_BOOL_CONVERSION = YES;
				CLANG_WARN_COMMA = YES;
				CLANG_WARN_CONSTANT_CONVERSION = YES;
				CLANG_WARN_DEPRECATED_OBJC_IMPLEMENTATIONS = YES;
				CLANG_WARN_DIRECT_OBJC_ISA_USAGE = YES_ERROR;
				CLANG_WARN_DOCUMENTATION_COMMENTS = YES;
				CLANG_WARN_EMPTY_BODY = YES;
				CLANG_WARN_ENUM_CONVERSION = YES;
				CLANG_WARN_INFINITE_RECURSION = YES;
				CLANG_WARN_INT_CONVERSION = YES;
				CLANG_WARN_NON_LITERAL_NULL_CONVERSION = YES;
				CLANG_WARN_OBJC_IMPLICIT_RETAIN_SELF = YES;
				CLANG_WARN_OBJC_LITERAL_CONVERSION = YES;
				CLANG_WARN_OBJC_ROOT_CLASS = YES_ERROR;
				CLANG_WARN_RANGE_LOOP_ANALYSIS = YES;
				CLANG_WARN_STRICT_PROTOTYPES = YES;
				CLANG_WARN_SUSPICIOUS_MOVE = YES;
				CLANG_WARN_UNGUARDED_AVAILABILITY = YES_AGGRESSIVE;
				CLANG_WARN_UNREACHABLE_CODE = YES;
				CLANG_WARN__DUPLICATE_METHOD_MATCH = YES;
				COPY_PHASE_STRIP = NO;
				DEBUG_INFORMATION_FORMAT = dwarf;
				ENABLE_STRICT_OBJC_MSGSEND = YES;
				ENABLE_TESTABILITY = YES;
				GCC_C_LANGUAGE_STANDARD = gnu11;
				GCC_DYNAMIC_NO_PIC = NO;
				GCC_NO_COMMON_BLOCKS = YES;
				GCC_OPTIMIZATION_LEVEL = 0;
				GCC_PREPROCESSOR_DEFINITIONS = (
					"DEBUG=1",
					"$(inherited)",
				);
				GCC_WARN_64_TO_32_BIT_CONVERSION = YES;
				GCC_WARN_ABOUT_RETURN_TYPE = YES_ERROR;
				GCC_WARN_UNDECLARED_SELECTOR = YES;
				GCC_WARN_UNINITIALIZED_AUTOS = YES_AGGRESSIVE;
				GCC_WARN_UNUSED_FUNCTION = YES;
				GCC_WARN_UNUSED_VARIABLE = YES;
				IPHONEOS_DEPLOYMENT_TARGET = 13.5;
				MTL_ENABLE_DEBUG_INFO = INCLUDE_SOURCE;
				MTL_FAST_MATH = YES;
				ONLY_ACTIVE_ARCH = YES;
				SDKROOT = iphoneos;
				SWIFT_ACTIVE_COMPILATION_CONDITIONS = DEBUG;
				SWIFT_OPTIMIZATION_LEVEL = "-Onone";
			};
			name = Debug;
		};
		F1A4830A24BEFD350039EC5F /* Release */ = {
			isa = XCBuildConfiguration;
			buildSettings = {
				ALWAYS_SEARCH_USER_PATHS = NO;
				CLANG_ANALYZER_NONNULL = YES;
				CLANG_ANALYZER_NUMBER_OBJECT_CONVERSION = YES_AGGRESSIVE;
				CLANG_CXX_LANGUAGE_STANDARD = "gnu++14";
				CLANG_CXX_LIBRARY = "libc++";
				CLANG_ENABLE_MODULES = YES;
				CLANG_ENABLE_OBJC_ARC = YES;
				CLANG_ENABLE_OBJC_WEAK = YES;
				CLANG_WARN_BLOCK_CAPTURE_AUTORELEASING = YES;
				CLANG_WARN_BOOL_CONVERSION = YES;
				CLANG_WARN_COMMA = YES;
				CLANG_WARN_CONSTANT_CONVERSION = YES;
				CLANG_WARN_DEPRECATED_OBJC_IMPLEMENTATIONS = YES;
				CLANG_WARN_DIRECT_OBJC_ISA_USAGE = YES_ERROR;
				CLANG_WARN_DOCUMENTATION_COMMENTS = YES;
				CLANG_WARN_EMPTY_BODY = YES;
				CLANG_WARN_ENUM_CONVERSION = YES;
				CLANG_WARN_INFINITE_RECURSION = YES;
				CLANG_WARN_INT_CONVERSION = YES;
				CLANG_WARN_NON_LITERAL_NULL_CONVERSION = YES;
				CLANG_WARN_OBJC_IMPLICIT_RETAIN_SELF = YES;
				CLANG_WARN_OBJC_LITERAL_CONVERSION = YES;
				CLANG_WARN_OBJC_ROOT_CLASS = YES_ERROR;
				CLANG_WARN_RANGE_LOOP_ANALYSIS = YES;
				CLANG_WARN_STRICT_PROTOTYPES = YES;
				CLANG_WARN_SUSPICIOUS_MOVE = YES;
				CLANG_WARN_UNGUARDED_AVAILABILITY = YES_AGGRESSIVE;
				CLANG_WARN_UNREACHABLE_CODE = YES;
				CLANG_WARN__DUPLICATE_METHOD_MATCH = YES;
				COPY_PHASE_STRIP = NO;
				DEBUG_INFORMATION_FORMAT = "dwarf-with-dsym";
				ENABLE_NS_ASSERTIONS = NO;
				ENABLE_STRICT_OBJC_MSGSEND = YES;
				GCC_C_LANGUAGE_STANDARD = gnu11;
				GCC_NO_COMMON_BLOCKS = YES;
				GCC_WARN_64_TO_32_BIT_CONVERSION = YES;
				GCC_WARN_ABOUT_RETURN_TYPE = YES_ERROR;
				GCC_WARN_UNDECLARED_SELECTOR = YES;
				GCC_WARN_UNINITIALIZED_AUTOS = YES_AGGRESSIVE;
				GCC_WARN_UNUSED_FUNCTION = YES;
				GCC_WARN_UNUSED_VARIABLE = YES;
				IPHONEOS_DEPLOYMENT_TARGET = 13.5;
				MTL_ENABLE_DEBUG_INFO = NO;
				MTL_FAST_MATH = YES;
				SDKROOT = iphoneos;
				SWIFT_COMPILATION_MODE = wholemodule;
				SWIFT_OPTIMIZATION_LEVEL = "-O";
				VALIDATE_PRODUCT = YES;
			};
			name = Release;
		};
		F1A4830C24BEFD350039EC5F /* Debug */ = {
			isa = XCBuildConfiguration;
			buildSettings = {
				ASSETCATALOG_COMPILER_APPICON_NAME = AppIcon;
				CODE_SIGN_STYLE = Automatic;
				DEVELOPMENT_TEAM = 6M5M727687;
				INFOPLIST_FILE = "Game Sub/Info.plist";
				LD_RUNPATH_SEARCH_PATHS = (
					"$(inherited)",
					"@executable_path/Frameworks",
				);
				PRODUCT_BUNDLE_IDENTIFIER = "com.gusadi.Game-Sub";
				PRODUCT_NAME = "$(TARGET_NAME)";
				SWIFT_VERSION = 5.0;
				TARGETED_DEVICE_FAMILY = "1,2";
			};
			name = Debug;
		};
		F1A4830D24BEFD350039EC5F /* Release */ = {
			isa = XCBuildConfiguration;
			buildSettings = {
				ASSETCATALOG_COMPILER_APPICON_NAME = AppIcon;
				CODE_SIGN_STYLE = Automatic;
				DEVELOPMENT_TEAM = 6M5M727687;
				INFOPLIST_FILE = "Game Sub/Info.plist";
				LD_RUNPATH_SEARCH_PATHS = (
					"$(inherited)",
					"@executable_path/Frameworks",
				);
				PRODUCT_BUNDLE_IDENTIFIER = "com.gusadi.Game-Sub";
				PRODUCT_NAME = "$(TARGET_NAME)";
				SWIFT_VERSION = 5.0;
				TARGETED_DEVICE_FAMILY = "1,2";
			};
			name = Release;
		};
/* End XCBuildConfiguration section */

/* Begin XCConfigurationList section */
		F1A482F224BEFD2F0039EC5F /* Build configuration list for PBXProject "Game Sub" */ = {
			isa = XCConfigurationList;
			buildConfigurations = (
				F1A4830924BEFD350039EC5F /* Debug */,
				F1A4830A24BEFD350039EC5F /* Release */,
			);
			defaultConfigurationIsVisible = 0;
			defaultConfigurationName = Release;
		};
		F1A4830B24BEFD350039EC5F /* Build configuration list for PBXNativeTarget "Game Sub" */ = {
			isa = XCConfigurationList;
			buildConfigurations = (
				F1A4830C24BEFD350039EC5F /* Debug */,
				F1A4830D24BEFD350039EC5F /* Release */,
			);
			defaultConfigurationIsVisible = 0;
			defaultConfigurationName = Release;
		};
/* End XCConfigurationList section */
	};
	rootObject = F1A482EF24BEFD2F0039EC5F /* Project object */;
}
